// !$*UTF8*$!
{
	archiveVersion = 1;
	classes = {
	};
	objectVersion = 46;
	objects = {

/* Begin PBXBuildFile section */
		3636106D1CF4509C006BE200 /* main.m in Sources */ = {isa = PBXBuildFile; fileRef = 3636106C1CF4509C006BE200 /* main.m */; };
		363610701CF4509C006BE200 /* AppDelegate.m in Sources */ = {isa = PBXBuildFile; fileRef = 3636106F1CF4509C006BE200 /* AppDelegate.m */; };
		363610731CF4509C006BE200 /* ViewController.m in Sources */ = {isa = PBXBuildFile; fileRef = 363610721CF4509C006BE200 /* ViewController.m */; };
		363610761CF4509C006BE200 /* Main.storyboard in Resources */ = {isa = PBXBuildFile; fileRef = 363610741CF4509C006BE200 /* Main.storyboard */; };
		363610781CF4509C006BE200 /* Assets.xcassets in Resources */ = {isa = PBXBuildFile; fileRef = 363610771CF4509C006BE200 /* Assets.xcassets */; };
		3636107B1CF4509C006BE200 /* LaunchScreen.storyboard in Resources */ = {isa = PBXBuildFile; fileRef = 363610791CF4509C006BE200 /* LaunchScreen.storyboard */; };
		363610861CF4509D006BE200 /* ____Tests.m in Sources */ = {isa = PBXBuildFile; fileRef = 363610851CF4509D006BE200 /* ____Tests.m */; };
		363610911CF4509D006BE200 /* ____UITests.m in Sources */ = {isa = PBXBuildFile; fileRef = 363610901CF4509D006BE200 /* ____UITests.m */; };
/* End PBXBuildFile section */

/* Begin PBXContainerItemProxy section */
		363610821CF4509C006BE200 /* PBXContainerItemProxy */ = {
			isa = PBXContainerItemProxy;
			containerPortal = 363610601CF4509C006BE200 /* Project object */;
			proxyType = 1;
			remoteGlobalIDString = 363610671CF4509C006BE200;
			remoteInfo = "拉线动画";
		};
		3636108D1CF4509D006BE200 /* PBXContainerItemProxy */ = {
			isa = PBXContainerItemProxy;
			containerPortal = 363610601CF4509C006BE200 /* Project object */;
			proxyType = 1;
			remoteGlobalIDString = 363610671CF4509C006BE200;
			remoteInfo = "拉线动画";
		};
/* End PBXContainerItemProxy section */

/* Begin PBXFileReference section */
		363610681CF4509C006BE200 /* 拉线动画.app */ = {isa = PBXFileReference; explicitFileType = wrapper.application; includeInIndex = 0; path = "拉线动画.app"; sourceTree = BUILT_PRODUCTS_DIR; };
		3636106C1CF4509C006BE200 /* main.m */ = {isa = PBXFileReference; lastKnownFileType = sourcecode.c.objc; path = main.m; sourceTree = "<group>"; };
		3636106E1CF4509C006BE200 /* AppDelegate.h */ = {isa = PBXFileReference; lastKnownFileType = sourcecode.c.h; path = AppDelegate.h; sourceTree = "<group>"; };
		3636106F1CF4509C006BE200 /* AppDelegate.m */ = {isa = PBXFileReference; lastKnownFileType = sourcecode.c.objc; path = AppDelegate.m; sourceTree = "<group>"; };
		363610711CF4509C006BE200 /* ViewController.h */ = {isa = PBXFileReference; lastKnownFileType = sourcecode.c.h; path = ViewController.h; sourceTree = "<group>"; };
		363610721CF4509C006BE200 /* ViewController.m */ = {isa = PBXFileReference; lastKnownFileType = sourcecode.c.objc; path = ViewController.m; sourceTree = "<group>"; };
		363610751CF4509C006BE200 /* Base */ = {isa = PBXFileReference; lastKnownFileType = file.storyboard; name = Base; path = Base.lproj/Main.storyboard; sourceTree = "<group>"; };
		363610771CF4509C006BE200 /* Assets.xcassets */ = {isa = PBXFileReference; lastKnownFileType = folder.assetcatalog; path = Assets.xcassets; sourceTree = "<group>"; };
		3636107A1CF4509C006BE200 /* Base */ = {isa = PBXFileReference; lastKnownFileType = file.storyboard; name = Base; path = Base.lproj/LaunchScreen.storyboard; sourceTree = "<group>"; };
		3636107C1CF4509C006BE200 /* Info.plist */ = {isa = PBXFileReference; lastKnownFileType = text.plist.xml; path = Info.plist; sourceTree = "<group>"; };
		363610811CF4509C006BE200 /* 拉线动画Tests.xctest */ = {isa = PBXFileReference; explicitFileType = wrapper.cfbundle; includeInIndex = 0; path = "拉线动画Tests.xctest"; sourceTree = BUILT_PRODUCTS_DIR; };
		363610851CF4509D006BE200 /* ____Tests.m */ = {isa = PBXFileReference; lastKnownFileType = sourcecode.c.objc; path = "____Tests.m"; sourceTree = "<group>"; };
		363610871CF4509D006BE200 /* Info.plist */ = {isa = PBXFileReference; lastKnownFileType = text.plist.xml; path = Info.plist; sourceTree = "<group>"; };
		3636108C1CF4509D006BE200 /* 拉线动画UITests.xctest */ = {isa = PBXFileReference; explicitFileType = wrapper.cfbundle; includeInIndex = 0; path = "拉线动画UITests.xctest"; sourceTree = BUILT_PRODUCTS_DIR; };
		363610901CF4509D006BE200 /* ____UITests.m */ = {isa = PBXFileReference; lastKnownFileType = sourcecode.c.objc; path = "____UITests.m"; sourceTree = "<group>"; };
		363610921CF4509D006BE200 /* Info.plist */ = {isa = PBXFileReference; lastKnownFileType = text.plist.xml; path = Info.plist; sourceTree = "<group>"; };
/* End PBXFileReference section */

/* Begin PBXFrameworksBuildPhase section */
		363610651CF4509C006BE200 /* Frameworks */ = {
			isa = PBXFrameworksBuildPhase;
			buildActionMask = 2147483647;
			files = (
			);
			runOnlyForDeploymentPostprocessing = 0;
		};
		3636107E1CF4509C006BE200 /* Frameworks */ = {
			isa = PBXFrameworksBuildPhase;
			buildActionMask = 2147483647;
			files = (
			);
			runOnlyForDeploymentPostprocessing = 0;
		};
		363610891CF4509D006BE200 /* Frameworks */ = {
			isa = PBXFrameworksBuildPhase;
			buildActionMask = 2147483647;
			files = (
			);
			runOnlyForDeploymentPostprocessing = 0;
		};
/* End PBXFrameworksBuildPhase section */

/* Begin PBXGroup section */
		3636105F1CF4509C006BE200 = {
			isa = PBXGroup;
			children = (
				3636106A1CF4509C006BE200 /* 拉线动画 */,
				363610841CF4509C006BE200 /* 拉线动画Tests */,
				3636108F1CF4509D006BE200 /* 拉线动画UITests */,
				363610691CF4509C006BE200 /* Products */,
			);
			sourceTree = "<group>";
		};
		363610691CF4509C006BE200 /* Products */ = {
			isa = PBXGroup;
			children = (
				363610681CF4509C006BE200 /* 拉线动画.app */,
				363610811CF4509C006BE200 /* 拉线动画Tests.xctest */,
				3636108C1CF4509D006BE200 /* 拉线动画UITests.xctest */,
			);
			name = Products;
			sourceTree = "<group>";
		};
		3636106A1CF4509C006BE200 /* 拉线动画 */ = {
			isa = PBXGroup;
			children = (
				3636106E1CF4509C006BE200 /* AppDelegate.h */,
				3636106F1CF4509C006BE200 /* AppDelegate.m */,
				363610711CF4509C006BE200 /* ViewController.h */,
				363610721CF4509C006BE200 /* ViewController.m */,
				363610741CF4509C006BE200 /* Main.storyboard */,
				363610771CF4509C006BE200 /* Assets.xcassets */,
				363610791CF4509C006BE200 /* LaunchScreen.storyboard */,
				3636107C1CF4509C006BE200 /* Info.plist */,
				3636106B1CF4509C006BE200 /* Supporting Files */,
			);
			path = "拉线动画";
			sourceTree = "<group>";
		};
		3636106B1CF4509C006BE200 /* Supporting Files */ = {
			isa = PBXGroup;
			children = (
				3636106C1CF4509C006BE200 /* main.m */,
			);
			name = "Supporting Files";
			sourceTree = "<group>";
		};
		363610841CF4509C006BE200 /* 拉线动画Tests */ = {
			isa = PBXGroup;
			children = (
				363610851CF4509D006BE200 /* ____Tests.m */,
				363610871CF4509D006BE200 /* Info.plist */,
			);
			path = "拉线动画Tests";
			sourceTree = "<group>";
		};
		3636108F1CF4509D006BE200 /* 拉线动画UITests */ = {
			isa = PBXGroup;
			children = (
				363610901CF4509D006BE200 /* ____UITests.m */,
				363610921CF4509D006BE200 /* Info.plist */,
			);
			path = "拉线动画UITests";
			sourceTree = "<group>";
		};
/* End PBXGroup section */

/* Begin PBXNativeTarget section */
		363610671CF4509C006BE200 /* 拉线动画 */ = {
			isa = PBXNativeTarget;
			buildConfigurationList = 363610951CF4509D006BE200 /* Build configuration list for PBXNativeTarget "拉线动画" */;
			buildPhases = (
				363610641CF4509C006BE200 /* Sources */,
				363610651CF4509C006BE200 /* Frameworks */,
				363610661CF4509C006BE200 /* Resources */,
			);
			buildRules = (
			);
			dependencies = (
			);
			name = "拉线动画";
			productName = "拉线动画";
			productReference = 363610681CF4509C006BE200 /* 拉线动画.app */;
			productType = "com.apple.product-type.application";
		};
		363610801CF4509C006BE200 /* 拉线动画Tests */ = {
			isa = PBXNativeTarget;
			buildConfigurationList = 363610981CF4509D006BE200 /* Build configuration list for PBXNativeTarget "拉线动画Tests" */;
			buildPhases = (
				3636107D1CF4509C006BE200 /* Sources */,
				3636107E1CF4509C006BE200 /* Frameworks */,
				3636107F1CF4509C006BE200 /* Resources */,
			);
			buildRules = (
			);
			dependencies = (
				363610831CF4509C006BE200 /* PBXTargetDependency */,
			);
			name = "拉线动画Tests";
			productName = "拉线动画Tests";
			productReference = 363610811CF4509C006BE200 /* 拉线动画Tests.xctest */;
			productType = "com.apple.product-type.bundle.unit-test";
		};
		3636108B1CF4509D006BE200 /* 拉线动画UITests */ = {
			isa = PBXNativeTarget;
			buildConfigurationList = 3636109B1CF4509D006BE200 /* Build configuration list for PBXNativeTarget "拉线动画UITests" */;
			buildPhases = (
				363610881CF4509D006BE200 /* Sources */,
				363610891CF4509D006BE200 /* Frameworks */,
				3636108A1CF4509D006BE200 /* Resources */,
			);
			buildRules = (
			);
			dependencies = (
				3636108E1CF4509D006BE200 /* PBXTargetDependency */,
			);
			name = "拉线动画UITests";
			productName = "拉线动画UITests";
			productReference = 3636108C1CF4509D006BE200 /* 拉线动画UITests.xctest */;
			productType = "com.apple.product-type.bundle.ui-testing";
		};
/* End PBXNativeTarget section */

/* Begin PBXProject section */
		363610601CF4509C006BE200 /* Project object */ = {
			isa = PBXProject;
			attributes = {
				LastUpgradeCheck = 0720;
				ORGANIZATIONNAME = "深圳前海冰寒信息科技有限公司";
				TargetAttributes = {
					363610671CF4509C006BE200 = {
						CreatedOnToolsVersion = 7.2.1;
					};
					363610801CF4509C006BE200 = {
						CreatedOnToolsVersion = 7.2.1;
						TestTargetID = 363610671CF4509C006BE200;
					};
					3636108B1CF4509D006BE200 = {
						CreatedOnToolsVersion = 7.2.1;
						TestTargetID = 363610671CF4509C006BE200;
					};
				};
			};
			buildConfigurationList = 363610631CF4509C006BE200 /* Build configuration list for PBXProject "拉线动画" */;
			compatibilityVersion = "Xcode 3.2";
			developmentRegion = English;
			hasScannedForEncodings = 0;
			knownRegions = (
				en,
				Base,
			);
			mainGroup = 3636105F1CF4509C006BE200;
			productRefGroup = 363610691CF4509C006BE200 /* Products */;
			projectDirPath = "";
			projectRoot = "";
			targets = (
				363610671CF4509C006BE200 /* 拉线动画 */,
				363610801CF4509C006BE200 /* 拉线动画Tests */,
				3636108B1CF4509D006BE200 /* 拉线动画UITests */,
			);
		};
/* End PBXProject section */

/* Begin PBXResourcesBuildPhase section */
		363610661CF4509C006BE200 /* Resources */ = {
			isa = PBXResourcesBuildPhase;
			buildActionMask = 2147483647;
			files = (
				3636107B1CF4509C006BE200 /* LaunchScreen.storyboard in Resources */,
				363610781CF4509C006BE200 /* Assets.xcassets in Resources */,
				363610761CF4509C006BE200 /* Main.storyboard in Resources */,
			);
			runOnlyForDeploymentPostprocessing = 0;
		};
		3636107F1CF4509C006BE200 /* Resources */ = {
			isa = PBXResourcesBuildPhase;
			buildActionMask = 2147483647;
			files = (
			);
			runOnlyForDeploymentPostprocessing = 0;
		};
		3636108A1CF4509D006BE200 /* Resources */ = {
			isa = PBXResourcesBuildPhase;
			buildActionMask = 2147483647;
			files = (
			);
			runOnlyForDeploymentPostprocessing = 0;
		};
/* End PBXResourcesBuildPhase section */

/* Begin PBXSourcesBuildPhase section */
		363610641CF4509C006BE200 /* Sources */ = {
			isa = PBXSourcesBuildPhase;
			buildActionMask = 2147483647;
			files = (
				363610731CF4509C006BE200 /* ViewController.m in Sources */,
				363610701CF4509C006BE200 /* AppDelegate.m in Sources */,
				3636106D1CF4509C006BE200 /* main.m in Sources */,
			);
			runOnlyForDeploymentPostprocessing = 0;
		};
		3636107D1CF4509C006BE200 /* Sources */ = {
			isa = PBXSourcesBuildPhase;
			buildActionMask = 2147483647;
			files = (
				363610861CF4509D006BE200 /* ____Tests.m in Sources */,
			);
			runOnlyForDeploymentPostprocessing = 0;
		};
		363610881CF4509D006BE200 /* Sources */ = {
			isa = PBXSourcesBuildPhase;
			buildActionMask = 2147483647;
			files = (
				363610911CF4509D006BE200 /* ____UITests.m in Sources */,
			);
			runOnlyForDeploymentPostprocessing = 0;
		};
/* End PBXSourcesBuildPhase section */

/* Begin PBXTargetDependency section */
		363610831CF4509C006BE200 /* PBXTargetDependency */ = {
			isa = PBXTargetDependency;
			target = 363610671CF4509C006BE200 /* 拉线动画 */;
			targetProxy = 363610821CF4509C006BE200 /* PBXContainerItemProxy */;
		};
		3636108E1CF4509D006BE200 /* PBXTargetDependency */ = {
			isa = PBXTargetDependency;
			target = 363610671CF4509C006BE200 /* 拉线动画 */;
			targetProxy = 3636108D1CF4509D006BE200 /* PBXContainerItemProxy */;
		};
/* End PBXTargetDependency section */

/* Begin PBXVariantGroup section */
		363610741CF4509C006BE200 /* Main.storyboard */ = {
			isa = PBXVariantGroup;
			children = (
				363610751CF4509C006BE200 /* Base */,
			);
			name = Main.storyboard;
			sourceTree = "<group>";
		};
		363610791CF4509C006BE200 /* LaunchScreen.storyboard */ = {
			isa = PBXVariantGroup;
			children = (
				3636107A1CF4509C006BE200 /* Base */,
			);
			name = LaunchScreen.storyboard;
			sourceTree = "<group>";
		};
/* End PBXVariantGroup section */

/* Begin XCBuildConfiguration section */
		363610931CF4509D006BE200 /* Debug */ = {
			isa = XCBuildConfiguration;
			buildSettings = {
				ALWAYS_SEARCH_USER_PATHS = NO;
				CLANG_CXX_LANGUAGE_STANDARD = "gnu++0x";
				CLANG_CXX_LIBRARY = "libc++";
				CLANG_ENABLE_MODULES = YES;
				CLANG_ENABLE_OBJC_ARC = YES;
				CLANG_WARN_BOOL_CONVERSION = YES;
				CLANG_WARN_CONSTANT_CONVERSION = YES;
				CLANG_WARN_DIRECT_OBJC_ISA_USAGE = YES_ERROR;
				CLANG_WARN_EMPTY_BODY = YES;
				CLANG_WARN_ENUM_CONVERSION = YES;
				CLANG_WARN_INT_CONVERSION = YES;
				CLANG_WARN_OBJC_ROOT_CLASS = YES_ERROR;
				CLANG_WARN_UNREACHABLE_CODE = YES;
				CLANG_WARN__DUPLICATE_METHOD_MATCH = YES;
				"CODE_SIGN_IDENTITY[sdk=iphoneos*]" = "iPhone Developer";
				COPY_PHASE_STRIP = NO;
				DEBUG_INFORMATION_FORMAT = dwarf;
				ENABLE_STRICT_OBJC_MSGSEND = YES;
				ENABLE_TESTABILITY = YES;
				GCC_C_LANGUAGE_STANDARD = gnu99;
				GCC_DYNAMIC_NO_PIC = NO;
				GCC_NO_COMMON_BLOCKS = YES;
				GCC_OPTIMIZATION_LEVEL = 0;
				GCC_PREPROCESSOR_DEFINITIONS = (
					"DEBUG=1",
					"$(inherited)",
				);
				GCC_WARN_64_TO_32_BIT_CONVERSION = YES;
				GCC_WARN_ABOUT_RETURN_TYPE = YES_ERROR;
				GCC_WARN_UNDECLARED_SELECTOR = YES;
				GCC_WARN_UNINITIALIZED_AUTOS = YES_AGGRESSIVE;
				GCC_WARN_UNUSED_FUNCTION = YES;
				GCC_WARN_UNUSED_VARIABLE = YES;
				IPHONEOS_DEPLOYMENT_TARGET = 9.2;
				MTL_ENABLE_DEBUG_INFO = YES;
				ONLY_ACTIVE_ARCH = YES;
				SDKROOT = iphoneos;
				TARGETED_DEVICE_FAMILY = "1,2";
			};
			name = Debug;
		};
		363610941CF4509D006BE200 /* Release */ = {
			isa = XCBuildConfiguration;
			buildSettings = {
				ALWAYS_SEARCH_USER_PATHS = NO;
				CLANG_CXX_LANGUAGE_STANDARD = "gnu++0x";
				CLANG_CXX_LIBRARY = "libc++";
				CLANG_ENABLE_MODULES = YES;
				CLANG_ENABLE_OBJC_ARC = YES;
				CLANG_WARN_BOOL_CONVERSION = YES;
				CLANG_WARN_CONSTANT_CONVERSION = YES;
				CLANG_WARN_DIRECT_OBJC_ISA_USAGE = YES_ERROR;
				CLANG_WARN_EMPTY_BODY = YES;
				CLANG_WARN_ENUM_CONVERSION = YES;
				CLANG_WARN_INT_CONVERSION = YES;
				CLANG_WARN_OBJC_ROOT_CLASS = YES_ERROR;
				CLANG_WARN_UNREACHABLE_CODE = YES;
				CLANG_WARN__DUPLICATE_METHOD_MATCH = YES;
				"CODE_SIGN_IDENTITY[sdk=iphoneos*]" = "iPhone Developer";
				COPY_PHASE_STRIP = NO;
				DEBUG_INFORMATION_FORMAT = "dwarf-with-dsym";
				ENABLE_NS_ASSERTIONS = NO;
				ENABLE_STRICT_OBJC_MSGSEND = YES;
				GCC_C_LANGUAGE_STANDARD = gnu99;
				GCC_NO_COMMON_BLOCKS = YES;
				GCC_WARN_64_TO_32_BIT_CONVERSION = YES;
				GCC_WARN_ABOUT_RETURN_TYPE = YES_ERROR;
				GCC_WARN_UNDECLARED_SELECTOR = YES;
				GCC_WARN_UNINITIALIZED_AUTOS = YES_AGGRESSIVE;
				GCC_WARN_UNUSED_FUNCTION = YES;
				GCC_WARN_UNUSED_VARIABLE = YES;
				IPHONEOS_DEPLOYMENT_TARGET = 9.2;
				MTL_ENABLE_DEBUG_INFO = NO;
				SDKROOT = iphoneos;
				TARGETED_DEVICE_FAMILY = "1,2";
				VALIDATE_PRODUCT = YES;
			};
			name = Release;
		};
		363610961CF4509D006BE200 /* Debug */ = {
			isa = XCBuildConfiguration;
			buildSettings = {
				ASSETCATALOG_COMPILER_APPICON_NAME = AppIcon;
				INFOPLIST_FILE = "拉线动画/Info.plist";
				LD_RUNPATH_SEARCH_PATHS = "$(inherited) @executable_path/Frameworks";
				PRODUCT_BUNDLE_IDENTIFIER = icecold.lineAnimation;
				PRODUCT_NAME = "$(TARGET_NAME)";
			};
			name = Debug;
		};
		363610971CF4509D006BE200 /* Release */ = {
			isa = XCBuildConfiguration;
			buildSettings = {
				ASSETCATALOG_COMPILER_APPICON_NAME = AppIcon;
				INFOPLIST_FILE = "拉线动画/Info.plist";
				LD_RUNPATH_SEARCH_PATHS = "$(inherited) @executable_path/Frameworks";
				PRODUCT_BUNDLE_IDENTIFIER = icecold.lineAnimation;
				PRODUCT_NAME = "$(TARGET_NAME)";
			};
			name = Release;
		};
		363610991CF4509D006BE200 /* Debug */ = {
			isa = XCBuildConfiguration;
			buildSettings = {
				BUNDLE_LOADER = "$(TEST_HOST)";
				INFOPLIST_FILE = "拉线动画Tests/Info.plist";
				LD_RUNPATH_SEARCH_PATHS = "$(inherited) @executable_path/Frameworks @loader_path/Frameworks";
				PRODUCT_BUNDLE_IDENTIFIER = "icecold.----Tests";
				PRODUCT_NAME = "$(TARGET_NAME)";
				TEST_HOST = "$(BUILT_PRODUCTS_DIR)/拉线动画.app/拉线动画";
			};
			name = Debug;
		};
		3636109A1CF4509D006BE200 /* Release */ = {
			isa = XCBuildConfiguration;
			buildSettings = {
				BUNDLE_LOADER = "$(TEST_HOST)";
				INFOPLIST_FILE = "拉线动画Tests/Info.plist";
				LD_RUNPATH_SEARCH_PATHS = "$(inherited) @executable_path/Frameworks @loader_path/Frameworks";
				PRODUCT_BUNDLE_IDENTIFIER = "icecold.----Tests";
				PRODUCT_NAME = "$(TARGET_NAME)";
				TEST_HOST = "$(BUILT_PRODUCTS_DIR)/拉线动画.app/拉线动画";
			};
			name = Release;
		};
		3636109C1CF4509D006BE200 /* Debug */ = {
			isa = XCBuildConfiguration;
			buildSettings = {
				INFOPLIST_FILE = "拉线动画UITests/Info.plist";
				LD_RUNPATH_SEARCH_PATHS = "$(inherited) @executable_path/Frameworks @loader_path/Frameworks";
				PRODUCT_BUNDLE_IDENTIFIER = "icecold.----UITests";
				PRODUCT_NAME = "$(TARGET_NAME)";
				TEST_TARGET_NAME = "拉线动画";
				USES_XCTRUNNER = YES;
			};
			name = Debug;
		};
		3636109D1CF4509D006BE200 /* Release */ = {
			isa = XCBuildConfiguration;
			buildSettings = {
				INFOPLIST_FILE = "拉线动画UITests/Info.plist";
				LD_RUNPATH_SEARCH_PATHS = "$(inherited) @executable_path/Frameworks @loader_path/Frameworks";
				PRODUCT_BUNDLE_IDENTIFIER = "icecold.----UITests";
				PRODUCT_NAME = "$(TARGET_NAME)";
				TEST_TARGET_NAME = "拉线动画";
				USES_XCTRUNNER = YES;
			};
			name = Release;
		};
/* End XCBuildConfiguration section */

/* Begin XCConfigurationList section */
		363610631CF4509C006BE200 /* Build configuration list for PBXProject "拉线动画" */ = {
			isa = XCConfigurationList;
			buildConfigurations = (
				363610931CF4509D006BE200 /* Debug */,
				363610941CF4509D006BE200 /* Release */,
			);
			defaultConfigurationIsVisible = 0;
			defaultConfigurationName = Release;
		};
		363610951CF4509D006BE200 /* Build configuration list for PBXNativeTarget "拉线动画" */ = {
			isa = XCConfigurationList;
			buildConfigurations = (
				363610961CF4509D006BE200 /* Debug */,
				363610971CF4509D006BE200 /* Release */,
			);
			defaultConfigurationIsVisible = 0;
			defaultConfigurationName = Release;
		};
		363610981CF4509D006BE200 /* Build configuration list for PBXNativeTarget "拉线动画Tests" */ = {
			isa = XCConfigurationList;
			buildConfigurations = (
				363610991CF4509D006BE200 /* Debug */,
				3636109A1CF4509D006BE200 /* Release */,
			);
			defaultConfigurationIsVisible = 0;
			defaultConfigurationName = Release;
		};
		3636109B1CF4509D006BE200 /* Build configuration list for PBXNativeTarget "拉线动画UITests" */ = {
			isa = XCConfigurationList;
			buildConfigurations = (
				3636109C1CF4509D006BE200 /* Debug */,
				3636109D1CF4509D006BE200 /* Release */,
			);
			defaultConfigurationIsVisible = 0;
			defaultConfigurationName = Release;
		};
/* End XCConfigurationList section */
	};
	rootObject = 363610601CF4509C006BE200 /* Project object */;
}
